
Microsoft Visual Studio Solution File, Format Version 12.00
# Visual Studio Version 17
VisualStudioVersion = 17.0.32014.148
MinimumVisualStudioVersion = 10.0.40219.1
Project("{FAE04EC0-301F-11D3-BF4B-00C04F79EFBC}") = "UserTest", "UserTest\UserTest.csproj", "{A343B5FF-7205-4030-8917-51E2865A398C}"
EndProject
Global
	GlobalSection(SolutionConfigurationPlatforms) = preSolution
		Debug|Any CPU = Debug|Any CPU
		Release|Any CPU = Release|Any CPU
	EndGlobalSection
	GlobalSection(ProjectConfigurationPlatforms) = postSolution
		{A343B5FF-7205-4030-8917-51E2865A398C}.Debug|Any CPU.ActiveCfg = Debug|Any CPU
		{A343B5FF-7205-4030-8917-51E2865A398C}.Debug|Any CPU.Build.0 = Debug|Any CPU
		{A343B5FF-7205-4030-8917-51E2865A398C}.Release|Any CPU.ActiveCfg = Release|Any CPU
		{A343B5FF-7205-4030-8917-51E2865A398C}.Release|Any CPU.Build.0 = Release|Any CPU
	EndGlobalSection
	GlobalSection(SolutionProperties) = preSolution
		HideSolutionNode = FALSE
	EndGlobalSection
	GlobalSection(ExtensibilityGlobals) = postSolution
		SolutionGuid = {7D291ADC-2091-4EF7-A145-423764E8F60D}
	EndGlobalSection
EndGlobal
